
Microsoft Visual Studio Solution File, Format Version 12.00
# Visual Studio 15
VisualStudioVersion = 15.0.27130.2020
MinimumVisualStudioVersion = 10.0.40219.1
Project("{FAE04EC0-301F-11D3-BF4B-00C04F79EFBC}") = "ExemploTextAnalytics", "ExemploTextAnalytics\ExemploTextAnalytics.csproj", "{7CB721B3-18A4-40CB-A7D2-FE17C7C030ED}"
EndProject
Global
	GlobalSection(SolutionConfigurationPlatforms) = preSolution
		Debug|Any CPU = Debug|Any CPU
		Release|Any CPU = Release|Any CPU
	EndGlobalSection
	GlobalSection(ProjectConfigurationPlatforms) = postSolution
		{7CB721B3-18A4-40CB-A7D2-FE17C7C030ED}.Debug|Any CPU.ActiveCfg = Debug|Any CPU
		{7CB721B3-18A4-40CB-A7D2-FE17C7C030ED}.Debug|Any CPU.Build.0 = Debug|Any CPU
		{7CB721B3-18A4-40CB-A7D2-FE17C7C030ED}.Release|Any CPU.ActiveCfg = Release|Any CPU
		{7CB721B3-18A4-40CB-A7D2-FE17C7C030ED}.Release|Any CPU.Build.0 = Release|Any CPU
	EndGlobalSection
	GlobalSection(SolutionProperties) = preSolution
		HideSolutionNode = FALSE
	EndGlobalSection
	GlobalSection(ExtensibilityGlobals) = postSolution
		SolutionGuid = {A0474B15-4847-499F-945C-67ECB9A813FB}
	EndGlobalSection
EndGlobal
